
Microsoft Visual Studio Solution File, Format Version 12.00
# Visual Studio Version 17
VisualStudioVersion = 17.12.35521.163 d17.12
MinimumVisualStudioVersion = 10.0.40219.1
Project("{9A19103F-16F7-4668-BE54-9A1E7A4F7556}") = "RMERP", "RMERP\RMERP.csproj", "{3F8A3B7F-B045-4850-9BDB-44D1D8DF6EAC}"
EndProject
Project("{9A19103F-16F7-4668-BE54-9A1E7A4F7556}") = "RMERP.DAL", "RMERP.DAL\RMERP.DAL.csproj", "{85D6AE9C-E98F-430F-89EC-4C546A8A52DE}"
EndProject
Project("{9A19103F-16F7-4668-BE54-9A1E7A4F7556}") = "RMERP.Design", "RMERP.Design\RMERP.Design.csproj", "{F63FF767-F4DE-48C4-B642-25E8EB32FCB7}"
EndProject
Global
	GlobalSection(SolutionConfigurationPlatforms) = preSolution
		Debug|Any CPU = Debug|Any CPU
		Release|Any CPU = Release|Any CPU
	EndGlobalSection
	GlobalSection(ProjectConfigurationPlatforms) = postSolution
		{3F8A3B7F-B045-4850-9BDB-44D1D8DF6EAC}.Debug|Any CPU.ActiveCfg = Debug|Any CPU
		{3F8A3B7F-B045-4850-9BDB-44D1D8DF6EAC}.Debug|Any CPU.Build.0 = Debug|Any CPU
		{3F8A3B7F-B045-4850-9BDB-44D1D8DF6EAC}.Release|Any CPU.ActiveCfg = Release|Any CPU
		{3F8A3B7F-B045-4850-9BDB-44D1D8DF6EAC}.Release|Any CPU.Build.0 = Release|Any CPU
		{85D6AE9C-E98F-430F-89EC-4C546A8A52DE}.Debug|Any CPU.ActiveCfg = Debug|Any CPU
		{85D6AE9C-E98F-430F-89EC-4C546A8A52DE}.Debug|Any CPU.Build.0 = Debug|Any CPU
		{85D6AE9C-E98F-430F-89EC-4C546A8A52DE}.Release|Any CPU.ActiveCfg = Release|Any CPU
		{85D6AE9C-E98F-430F-89EC-4C546A8A52DE}.Release|Any CPU.Build.0 = Release|Any CPU
		{F63FF767-F4DE-48C4-B642-25E8EB32FCB7}.Debug|Any CPU.ActiveCfg = Debug|Any CPU
		{F63FF767-F4DE-48C4-B642-25E8EB32FCB7}.Debug|Any CPU.Build.0 = Debug|Any CPU
		{F63FF767-F4DE-48C4-B642-25E8EB32FCB7}.Release|Any CPU.ActiveCfg = Release|Any CPU
		{F63FF767-F4DE-48C4-B642-25E8EB32FCB7}.Release|Any CPU.Build.0 = Release|Any CPU
	EndGlobalSection
	GlobalSection(SolutionProperties) = preSolution
		HideSolutionNode = FALSE
	EndGlobalSection
	GlobalSection(ExtensibilityGlobals) = postSolution
		SolutionGuid = {95E498C0-3A75-4F99-AD08-561E97C99A0D}
	EndGlobalSection
EndGlobal
